// !$*UTF8*$!
{
	archiveVersion = 1;
	classes = {
	};
	objectVersion = 46;
	objects = {

/* Begin PBXBuildFile section */
		AB690A3D45F36A189575695A /* Pods_Fastaval_App.framework in Frameworks */ = {isa = PBXBuildFile; fileRef = B6ADB16EF0B7CBBFC48E1127 /* Pods_Fastaval_App.framework */; };
		AF0CF82C1DFB27210003ED4F /* Date.swift in Sources */ = {isa = PBXBuildFile; fileRef = AF0CF82B1DFB27210003ED4F /* Date.swift */; };
		AF0CF8301DFD88570003ED4F /* EmbeddedViewController.swift in Sources */ = {isa = PBXBuildFile; fileRef = AF0CF82F1DFD88570003ED4F /* EmbeddedViewController.swift */; };
		AF1666B91DB867750078F4F7 /* ProgramTableViewController.swift in Sources */ = {isa = PBXBuildFile; fileRef = AF1666B81DB867750078F4F7 /* ProgramTableViewController.swift */; };
		AF2099561DB0C90F00F4535F /* RemoteDependency.swift in Sources */ = {isa = PBXBuildFile; fileRef = AF2099551DB0C90F00F4535F /* RemoteDependency.swift */; };
		AF2099581DB0CA1F00F4535F /* AppSettings.swift in Sources */ = {isa = PBXBuildFile; fileRef = AF2099571DB0CA1F00F4535F /* AppSettings.swift */; };
		AF20995A1DB0F13E00F4535F /* RefreshRate.swift in Sources */ = {isa = PBXBuildFile; fileRef = AF2099591DB0F13E00F4535F /* RefreshRate.swift */; };
		AF20995C1DB0F17000F4535F /* AppLanguage.swift in Sources */ = {isa = PBXBuildFile; fileRef = AF20995B1DB0F17000F4535F /* AppLanguage.swift */; };
		AF20995F1DB0F59500F4535F /* Barcode.swift in Sources */ = {isa = PBXBuildFile; fileRef = AF20995E1DB0F59500F4535F /* Barcode.swift */; };
		AF2099611DB2096F00F4535F /* BarcodeState.swift in Sources */ = {isa = PBXBuildFile; fileRef = AF2099601DB2096E00F4535F /* BarcodeState.swift */; };
		AF2099631DB209BD00F4535F /* DirectoryItemTypes.swift in Sources */ = {isa = PBXBuildFile; fileRef = AF2099621DB209BD00F4535F /* DirectoryItemTypes.swift */; };
		AF2099651DB20A7000F4535F /* DirectoryItem.swift in Sources */ = {isa = PBXBuildFile; fileRef = AF2099641DB20A7000F4535F /* DirectoryItem.swift */; };
		AF2099691DB2A84800F4535F /* RemoteSyncTimestamp.swift in Sources */ = {isa = PBXBuildFile; fileRef = AF2099681DB2A84800F4535F /* RemoteSyncTimestamp.swift */; };
		AF20996B1DB32A6900F4535F /* UpdateScheduler.swift in Sources */ = {isa = PBXBuildFile; fileRef = AF20996A1DB32A6900F4535F /* UpdateScheduler.swift */; };
		AF20996D1DB36BDF00F4535F /* ParticipantData.swift in Sources */ = {isa = PBXBuildFile; fileRef = AF20996C1DB36BDF00F4535F /* ParticipantData.swift */; };
		AF20996F1DB36F8100F4535F /* ParticipantJsonParser.swift in Sources */ = {isa = PBXBuildFile; fileRef = AF20996E1DB36F8100F4535F /* ParticipantJsonParser.swift */; };
		AF31AEFA1E735456000D9F4B /* FvMapImage.swift in Sources */ = {isa = PBXBuildFile; fileRef = AF31AEF91E735456000D9F4B /* FvMapImage.swift */; };
		AF31AEFC1E7408AF000D9F4B /* ProgramEventTimeslot.swift in Sources */ = {isa = PBXBuildFile; fileRef = AF31AEFB1E7408AF000D9F4B /* ProgramEventTimeslot.swift */; };
		AF339C951D7C0937006DB877 /* AppDelegate.swift in Sources */ = {isa = PBXBuildFile; fileRef = AF339C941D7C0937006DB877 /* AppDelegate.swift */; };
		AF339C971D7C0937006DB877 /* HomeViewController.swift in Sources */ = {isa = PBXBuildFile; fileRef = AF339C961D7C0937006DB877 /* HomeViewController.swift */; };
		AF339C991D7C0937006DB877 /* BarcodeViewController.swift in Sources */ = {isa = PBXBuildFile; fileRef = AF339C981D7C0937006DB877 /* BarcodeViewController.swift */; };
		AF339C9C1D7C0937006DB877 /* Main.storyboard in Resources */ = {isa = PBXBuildFile; fileRef = AF339C9A1D7C0937006DB877 /* Main.storyboard */; };
		AF339C9E1D7C0937006DB877 /* Assets.xcassets in Resources */ = {isa = PBXBuildFile; fileRef = AF339C9D1D7C0937006DB877 /* Assets.xcassets */; };
		AF339CA11D7C0937006DB877 /* LaunchScreen.storyboard in Resources */ = {isa = PBXBuildFile; fileRef = AF339C9F1D7C0937006DB877 /* LaunchScreen.storyboard */; };
		AF339CB71D7C0937006DB877 /* Fastaval_AppUITests.swift in Sources */ = {isa = PBXBuildFile; fileRef = AF339CB61D7C0937006DB877 /* Fastaval_AppUITests.swift */; };
		AF339CCC1D7C9700006DB877 /* Broadcaster.swift in Sources */ = {isa = PBXBuildFile; fileRef = AF339CCB1D7C9700006DB877 /* Broadcaster.swift */; };
		AF339CCE1D7DE30D006DB877 /* ContainerPlaceholder.swift in Sources */ = {isa = PBXBuildFile; fileRef = AF339CCD1D7DE30D006DB877 /* ContainerPlaceholder.swift */; };
		AF339CD11D7DF9F2006DB877 /* Subscriber.swift in Sources */ = {isa = PBXBuildFile; fileRef = AF339CD01D7DF9F2006DB877 /* Subscriber.swift */; };
		AF339CD31D7DFA99006DB877 /* Message.swift in Sources */ = {isa = PBXBuildFile; fileRef = AF339CD21D7DFA99006DB877 /* Message.swift */; };
		AF339CD51D7DFB31006DB877 /* Publisher.swift in Sources */ = {isa = PBXBuildFile; fileRef = AF339CD41D7DFB31006DB877 /* Publisher.swift */; };
		AF339CD71D83496F006DB877 /* LoginViewController.swift in Sources */ = {isa = PBXBuildFile; fileRef = AF339CD61D83496F006DB877 /* LoginViewController.swift */; };
		AF3D44551DA0EBBF0078BE03 /* Directory.swift in Sources */ = {isa = PBXBuildFile; fileRef = AF3D44541DA0EBBF0078BE03 /* Directory.swift */; };
		AF3D44571DA144980078BE03 /* Stateful.swift in Sources */ = {isa = PBXBuildFile; fileRef = AF3D44561DA144980078BE03 /* Stateful.swift */; };
		AF3D44591DA145330078BE03 /* ParticipantState.swift in Sources */ = {isa = PBXBuildFile; fileRef = AF3D44581DA145330078BE03 /* ParticipantState.swift */; };
		AF3D445B1DA14AF40078BE03 /* NewsState.swift in Sources */ = {isa = PBXBuildFile; fileRef = AF3D445A1DA14AF40078BE03 /* NewsState.swift */; };
		AF67B6511DB7F16D00B136B3 /* ProgramViewController.swift in Sources */ = {isa = PBXBuildFile; fileRef = AF67B6501DB7F16D00B136B3 /* ProgramViewController.swift */; };
		AF7256BC1DC1117800F638E5 /* SettingsViewController.swift in Sources */ = {isa = PBXBuildFile; fileRef = AF7256BB1DC1117800F638E5 /* SettingsViewController.swift */; };
		AF8312201DA2DCCA002B52DE /* FvMap.swift in Sources */ = {isa = PBXBuildFile; fileRef = AF83121F1DA2DCCA002B52DE /* FvMap.swift */; };
		AF8312221DA2DD0C002B52DE /* FvMapState.swift in Sources */ = {isa = PBXBuildFile; fileRef = AF8312211DA2DD0C002B52DE /* FvMapState.swift */; };
		AF9672FB1DA2C3F1006AD5E1 /* MapViewController.swift in Sources */ = {isa = PBXBuildFile; fileRef = AF9672FA1DA2C3F1006AD5E1 /* MapViewController.swift */; };
		AF99D7331DC48C5300EEC7F0 /* String.swift in Sources */ = {isa = PBXBuildFile; fileRef = AF99D7321DC48C5300EEC7F0 /* String.swift */; };
		AF99D73B1DC490AE00EEC7F0 /* Localizable.strings in Resources */ = {isa = PBXBuildFile; fileRef = AF99D7391DC490AE00EEC7F0 /* Localizable.strings */; };
		AFA578D91D83517000163E96 /* AppMessages.swift in Sources */ = {isa = PBXBuildFile; fileRef = AFA578D81D83517000163E96 /* AppMessages.swift */; };
		AFA578DF1D8450EF00163E96 /* TabBarController.swift in Sources */ = {isa = PBXBuildFile; fileRef = AFA578DE1D8450EF00163E96 /* TabBarController.swift */; };
		AFA578E11D84835C00163E96 /* Tabs.swift in Sources */ = {isa = PBXBuildFile; fileRef = AFA578E01D84835C00163E96 /* Tabs.swift */; };
		AFA578EC1D85660800163E96 /* WidgetIdentifiers.swift in Sources */ = {isa = PBXBuildFile; fileRef = AFA578EB1D85660800163E96 /* WidgetIdentifiers.swift */; };
		AFA578F41D856A1B00163E96 /* Participant.swift in Sources */ = {isa = PBXBuildFile; fileRef = AFA578F31D856A1B00163E96 /* Participant.swift */; };
		AFA578F61D856A4B00163E96 /* Proxy.swift in Sources */ = {isa = PBXBuildFile; fileRef = AFA578F51D856A4B00163E96 /* Proxy.swift */; };
		AFA578F81D8575D700163E96 /* News.swift in Sources */ = {isa = PBXBuildFile; fileRef = AFA578F71D8575D700163E96 /* News.swift */; };
		AFA579091D9853CB00163E96 /* InfosysApi.swift in Sources */ = {isa = PBXBuildFile; fileRef = AFA579081D9853CB00163E96 /* InfosysApi.swift */; };
		AFA5790B1D98541500163E96 /* JsonApi.swift in Sources */ = {isa = PBXBuildFile; fileRef = AFA5790A1D98541500163E96 /* JsonApi.swift */; };
		AFB264851DCE7A87008B0610 /* LoggedInViewController.swift in Sources */ = {isa = PBXBuildFile; fileRef = AFB264841DCE7A87008B0610 /* LoggedInViewController.swift */; };
		AFB264871DCFCDC5008B0610 /* DetailedEventViewController.swift in Sources */ = {isa = PBXBuildFile; fileRef = AFB264861DCFCDC5008B0610 /* DetailedEventViewController.swift */; };
		AFB264891DE5D8D5008B0610 /* LoggedInProgramView.swift in Sources */ = {isa = PBXBuildFile; fileRef = AFB264881DE5D8D5008B0610 /* LoggedInProgramView.swift */; };
		AFB2648B1DE64A6F008B0610 /* ParticipantEvent.swift in Sources */ = {isa = PBXBuildFile; fileRef = AFB2648A1DE64A6F008B0610 /* ParticipantEvent.swift */; };
		AFED7FED1DAC0ADC0016D1BF /* FileLocationProvider.swift in Sources */ = {isa = PBXBuildFile; fileRef = AFED7FEC1DAC0ADC0016D1BF /* FileLocationProvider.swift */; };
		AFED7FEF1DAD553D0016D1BF /* Program.swift in Sources */ = {isa = PBXBuildFile; fileRef = AFED7FEE1DAD553D0016D1BF /* Program.swift */; };
		AFED7FF11DAD557D0016D1BF /* ProgramState.swift in Sources */ = {isa = PBXBuildFile; fileRef = AFED7FF01DAD557D0016D1BF /* ProgramState.swift */; };
		AFED7FF31DAECCCE0016D1BF /* ProgramJsonParser.swift in Sources */ = {isa = PBXBuildFile; fileRef = AFED7FF21DAECCCE0016D1BF /* ProgramJsonParser.swift */; };
		AFED7FF51DAECD9F0016D1BF /* ProgramDate.swift in Sources */ = {isa = PBXBuildFile; fileRef = AFED7FF41DAECD9F0016D1BF /* ProgramDate.swift */; };
		AFED7FF71DAF6A7D0016D1BF /* ProgramTimeslot.swift in Sources */ = {isa = PBXBuildFile; fileRef = AFED7FF61DAF6A7D0016D1BF /* ProgramTimeslot.swift */; };
		AFED7FF91DAF6CF50016D1BF /* ProgramEvent.swift in Sources */ = {isa = PBXBuildFile; fileRef = AFED7FF81DAF6CF50016D1BF /* ProgramEvent.swift */; };
		AFED7FFB1DB018B80016D1BF /* EventType.swift in Sources */ = {isa = PBXBuildFile; fileRef = AFED7FFA1DB018B80016D1BF /* EventType.swift */; };
/* End PBXBuildFile section */

/* Begin PBXContainerItemProxy section */
		AF339CA81D7C0937006DB877 /* PBXContainerItemProxy */ = {
			isa = PBXContainerItemProxy;
			containerPortal = AF339C891D7C0937006DB877 /* Project object */;
			proxyType = 1;
			remoteGlobalIDString = AF339C901D7C0937006DB877;
			remoteInfo = "Fastaval App";
		};
		AF339CB31D7C0937006DB877 /* PBXContainerItemProxy */ = {
			isa = PBXContainerItemProxy;
			containerPortal = AF339C891D7C0937006DB877 /* Project object */;
			proxyType = 1;
			remoteGlobalIDString = AF339C901D7C0937006DB877;
			remoteInfo = "Fastaval App";
		};
/* End PBXContainerItemProxy section */

/* Begin PBXFileReference section */
		44106CA0B7793F6209FE2B9F /* Pods_Fastaval_AppUITests.framework */ = {isa = PBXFileReference; explicitFileType = wrapper.framework; includeInIndex = 0; path = Pods_Fastaval_AppUITests.framework; sourceTree = BUILT_PRODUCTS_DIR; };
		574EE61068AE574ABC4CD1C0 /* Pods_Fastaval_AppTests.framework */ = {isa = PBXFileReference; explicitFileType = wrapper.framework; includeInIndex = 0; path = Pods_Fastaval_AppTests.framework; sourceTree = BUILT_PRODUCTS_DIR; };
		A4BAD04B303C5BB3162FC3D9 /* Pods-Fastaval App.release.xcconfig */ = {isa = PBXFileReference; includeInIndex = 1; lastKnownFileType = text.xcconfig; name = "Pods-Fastaval App.release.xcconfig"; path = "Pods/Target Support Files/Pods-Fastaval App/Pods-Fastaval App.release.xcconfig"; sourceTree = "<group>"; };
		AF0CF82B1DFB27210003ED4F /* Date.swift */ = {isa = PBXFileReference; fileEncoding = 4; lastKnownFileType = sourcecode.swift; path = Date.swift; sourceTree = "<group>"; };
		AF0CF82F1DFD88570003ED4F /* EmbeddedViewController.swift */ = {isa = PBXFileReference; fileEncoding = 4; lastKnownFileType = sourcecode.swift; path = EmbeddedViewController.swift; sourceTree = "<group>"; };
		AF1666B81DB867750078F4F7 /* ProgramTableViewController.swift */ = {isa = PBXFileReference; fileEncoding = 4; lastKnownFileType = sourcecode.swift; path = ProgramTableViewController.swift; sourceTree = "<group>"; };
		AF2099551DB0C90F00F4535F /* RemoteDependency.swift */ = {isa = PBXFileReference; fileEncoding = 4; lastKnownFileType = sourcecode.swift; path = RemoteDependency.swift; sourceTree = "<group>"; };
		AF2099571DB0CA1F00F4535F /* AppSettings.swift */ = {isa = PBXFileReference; fileEncoding = 4; lastKnownFileType = sourcecode.swift; path = AppSettings.swift; sourceTree = "<group>"; };
		AF2099591DB0F13E00F4535F /* RefreshRate.swift */ = {isa = PBXFileReference; fileEncoding = 4; lastKnownFileType = sourcecode.swift; path = RefreshRate.swift; sourceTree = "<group>"; };
		AF20995B1DB0F17000F4535F /* AppLanguage.swift */ = {isa = PBXFileReference; fileEncoding = 4; lastKnownFileType = sourcecode.swift; path = AppLanguage.swift; sourceTree = "<group>"; };
		AF20995E1DB0F59500F4535F /* Barcode.swift */ = {isa = PBXFileReference; fileEncoding = 4; lastKnownFileType = sourcecode.swift; path = Barcode.swift; sourceTree = "<group>"; };
		AF2099601DB2096E00F4535F /* BarcodeState.swift */ = {isa = PBXFileReference; fileEncoding = 4; lastKnownFileType = sourcecode.swift; path = BarcodeState.swift; sourceTree = "<group>"; };
		AF2099621DB209BD00F4535F /* DirectoryItemTypes.swift */ = {isa = PBXFileReference; fileEncoding = 4; lastKnownFileType = sourcecode.swift; path = DirectoryItemTypes.swift; sourceTree = "<group>"; };
		AF2099641DB20A7000F4535F /* DirectoryItem.swift */ = {isa = PBXFileReference; fileEncoding = 4; lastKnownFileType = sourcecode.swift; path = DirectoryItem.swift; sourceTree = "<group>"; };
		AF2099681DB2A84800F4535F /* RemoteSyncTimestamp.swift */ = {isa = PBXFileReference; fileEncoding = 4; lastKnownFileType = sourcecode.swift; path = RemoteSyncTimestamp.swift; sourceTree = "<group>"; };
		AF20996A1DB32A6900F4535F /* UpdateScheduler.swift */ = {isa = PBXFileReference; fileEncoding = 4; lastKnownFileType = sourcecode.swift; path = UpdateScheduler.swift; sourceTree = "<group>"; };
		AF20996C1DB36BDF00F4535F /* ParticipantData.swift */ = {isa = PBXFileReference; fileEncoding = 4; lastKnownFileType = sourcecode.swift; path = ParticipantData.swift; sourceTree = "<group>"; };
		AF20996E1DB36F8100F4535F /* ParticipantJsonParser.swift */ = {isa = PBXFileReference; fileEncoding = 4; lastKnownFileType = sourcecode.swift; path = ParticipantJsonParser.swift; sourceTree = "<group>"; };
		AF31AEF91E735456000D9F4B /* FvMapImage.swift */ = {isa = PBXFileReference; fileEncoding = 4; lastKnownFileType = sourcecode.swift; path = FvMapImage.swift; sourceTree = "<group>"; };
		AF31AEFB1E7408AF000D9F4B /* ProgramEventTimeslot.swift */ = {isa = PBXFileReference; fileEncoding = 4; lastKnownFileType = sourcecode.swift; path = ProgramEventTimeslot.swift; sourceTree = "<group>"; };
		AF339C911D7C0937006DB877 /* Fastaval App.app */ = {isa = PBXFileReference; explicitFileType = wrapper.application; includeInIndex = 0; path = "Fastaval App.app"; sourceTree = BUILT_PRODUCTS_DIR; };
		AF339C941D7C0937006DB877 /* AppDelegate.swift */ = {isa = PBXFileReference; lastKnownFileType = sourcecode.swift; path = AppDelegate.swift; sourceTree = "<group>"; };
		AF339C961D7C0937006DB877 /* HomeViewController.swift */ = {isa = PBXFileReference; lastKnownFileType = sourcecode.swift; path = HomeViewController.swift; sourceTree = "<group>"; };
		AF339C981D7C0937006DB877 /* BarcodeViewController.swift */ = {isa = PBXFileReference; lastKnownFileType = sourcecode.swift; path = BarcodeViewController.swift; sourceTree = "<group>"; };
		AF339C9B1D7C0937006DB877 /* Base */ = {isa = PBXFileReference; lastKnownFileType = file.storyboard; name = Base; path = Base.lproj/Main.storyboard; sourceTree = "<group>"; };
		AF339C9D1D7C0937006DB877 /* Assets.xcassets */ = {isa = PBXFileReference; lastKnownFileType = folder.assetcatalog; path = Assets.xcassets; sourceTree = "<group>"; };
		AF339CA01D7C0937006DB877 /* Base */ = {isa = PBXFileReference; lastKnownFileType = file.storyboard; name = Base; path = Base.lproj/LaunchScreen.storyboard; sourceTree = "<group>"; };
		AF339CA21D7C0937006DB877 /* Info.plist */ = {isa = PBXFileReference; lastKnownFileType = text.plist.xml; path = Info.plist; sourceTree = "<group>"; };
		AF339CA71D7C0937006DB877 /* Fastaval AppTests.xctest */ = {isa = PBXFileReference; explicitFileType = wrapper.cfbundle; includeInIndex = 0; path = "Fastaval AppTests.xctest"; sourceTree = BUILT_PRODUCTS_DIR; };
		AF339CAD1D7C0937006DB877 /* Info.plist */ = {isa = PBXFileReference; lastKnownFileType = text.plist.xml; path = Info.plist; sourceTree = "<group>"; };
		AF339CB21D7C0937006DB877 /* Fastaval AppUITests.xctest */ = {isa = PBXFileReference; explicitFileType = wrapper.cfbundle; includeInIndex = 0; path = "Fastaval AppUITests.xctest"; sourceTree = BUILT_PRODUCTS_DIR; };
		AF339CB61D7C0937006DB877 /* Fastaval_AppUITests.swift */ = {isa = PBXFileReference; lastKnownFileType = sourcecode.swift; path = Fastaval_AppUITests.swift; sourceTree = "<group>"; };
		AF339CB81D7C0937006DB877 /* Info.plist */ = {isa = PBXFileReference; lastKnownFileType = text.plist.xml; path = Info.plist; sourceTree = "<group>"; };
		AF339CCB1D7C9700006DB877 /* Broadcaster.swift */ = {isa = PBXFileReference; fileEncoding = 4; lastKnownFileType = sourcecode.swift; path = Broadcaster.swift; sourceTree = "<group>"; };
		AF339CCD1D7DE30D006DB877 /* ContainerPlaceholder.swift */ = {isa = PBXFileReference; fileEncoding = 4; lastKnownFileType = sourcecode.swift; path = ContainerPlaceholder.swift; sourceTree = "<group>"; };
		AF339CD01D7DF9F2006DB877 /* Subscriber.swift */ = {isa = PBXFileReference; fileEncoding = 4; lastKnownFileType = sourcecode.swift; path = Subscriber.swift; sourceTree = "<group>"; };
		AF339CD21D7DFA99006DB877 /* Message.swift */ = {isa = PBXFileReference; fileEncoding = 4; lastKnownFileType = sourcecode.swift; path = Message.swift; sourceTree = "<group>"; };
		AF339CD41D7DFB31006DB877 /* Publisher.swift */ = {isa = PBXFileReference; fileEncoding = 4; lastKnownFileType = sourcecode.swift; path = Publisher.swift; sourceTree = "<group>"; };
		AF339CD61D83496F006DB877 /* LoginViewController.swift */ = {isa = PBXFileReference; fileEncoding = 4; lastKnownFileType = sourcecode.swift; path = LoginViewController.swift; sourceTree = "<group>"; };
		AF3D44541DA0EBBF0078BE03 /* Directory.swift */ = {isa = PBXFileReference; fileEncoding = 4; lastKnownFileType = sourcecode.swift; path = Directory.swift; sourceTree = "<group>"; };
		AF3D44561DA144980078BE03 /* Stateful.swift */ = {isa = PBXFileReference; fileEncoding = 4; lastKnownFileType = sourcecode.swift; path = Stateful.swift; sourceTree = "<group>"; };
		AF3D44581DA145330078BE03 /* ParticipantState.swift */ = {isa = PBXFileReference; fileEncoding = 4; lastKnownFileType = sourcecode.swift; path = ParticipantState.swift; sourceTree = "<group>"; };
		AF3D445A1DA14AF40078BE03 /* NewsState.swift */ = {isa = PBXFileReference; fileEncoding = 4; lastKnownFileType = sourcecode.swift; path = NewsState.swift; sourceTree = "<group>"; };
		AF67B6501DB7F16D00B136B3 /* ProgramViewController.swift */ = {isa = PBXFileReference; fileEncoding = 4; lastKnownFileType = sourcecode.swift; path = ProgramViewController.swift; sourceTree = "<group>"; };
		AF7256BB1DC1117800F638E5 /* SettingsViewController.swift */ = {isa = PBXFileReference; fileEncoding = 4; lastKnownFileType = sourcecode.swift; path = SettingsViewController.swift; sourceTree = "<group>"; };
		AF83121F1DA2DCCA002B52DE /* FvMap.swift */ = {isa = PBXFileReference; fileEncoding = 4; lastKnownFileType = sourcecode.swift; path = FvMap.swift; sourceTree = "<group>"; };
		AF8312211DA2DD0C002B52DE /* FvMapState.swift */ = {isa = PBXFileReference; fileEncoding = 4; lastKnownFileType = sourcecode.swift; path = FvMapState.swift; sourceTree = "<group>"; };
		AF9672FA1DA2C3F1006AD5E1 /* MapViewController.swift */ = {isa = PBXFileReference; fileEncoding = 4; lastKnownFileType = sourcecode.swift; path = MapViewController.swift; sourceTree = "<group>"; };
		AF99D7321DC48C5300EEC7F0 /* String.swift */ = {isa = PBXFileReference; fileEncoding = 4; lastKnownFileType = sourcecode.swift; path = String.swift; sourceTree = "<group>"; };
		AF99D7351DC48F3500EEC7F0 /* da */ = {isa = PBXFileReference; lastKnownFileType = text.plist.strings; name = da; path = da.lproj/LaunchScreen.strings; sourceTree = "<group>"; };
		AF99D73A1DC490AE00EEC7F0 /* da */ = {isa = PBXFileReference; lastKnownFileType = text.plist.strings; name = da; path = da.lproj/Localizable.strings; sourceTree = "<group>"; };
		AFA578D81D83517000163E96 /* AppMessages.swift */ = {isa = PBXFileReference; fileEncoding = 4; lastKnownFileType = sourcecode.swift; path = AppMessages.swift; sourceTree = "<group>"; };
		AFA578DE1D8450EF00163E96 /* TabBarController.swift */ = {isa = PBXFileReference; fileEncoding = 4; lastKnownFileType = sourcecode.swift; path = TabBarController.swift; sourceTree = "<group>"; };
		AFA578E01D84835C00163E96 /* Tabs.swift */ = {isa = PBXFileReference; fileEncoding = 4; lastKnownFileType = sourcecode.swift; path = Tabs.swift; sourceTree = "<group>"; };
		AFA578EB1D85660800163E96 /* WidgetIdentifiers.swift */ = {isa = PBXFileReference; fileEncoding = 4; lastKnownFileType = sourcecode.swift; path = WidgetIdentifiers.swift; sourceTree = "<group>"; };
		AFA578F31D856A1B00163E96 /* Participant.swift */ = {isa = PBXFileReference; fileEncoding = 4; lastKnownFileType = sourcecode.swift; path = Participant.swift; sourceTree = "<group>"; };
		AFA578F51D856A4B00163E96 /* Proxy.swift */ = {isa = PBXFileReference; fileEncoding = 4; lastKnownFileType = sourcecode.swift; path = Proxy.swift; sourceTree = "<group>"; };
		AFA578F71D8575D700163E96 /* News.swift */ = {isa = PBXFileReference; fileEncoding = 4; lastKnownFileType = sourcecode.swift; path = News.swift; sourceTree = "<group>"; };
		AFA579081D9853CB00163E96 /* InfosysApi.swift */ = {isa = PBXFileReference; fileEncoding = 4; lastKnownFileType = sourcecode.swift; path = InfosysApi.swift; sourceTree = "<group>"; };
		AFA5790A1D98541500163E96 /* JsonApi.swift */ = {isa = PBXFileReference; fileEncoding = 4; lastKnownFileType = sourcecode.swift; path = JsonApi.swift; sourceTree = "<group>"; };
		AFB264841DCE7A87008B0610 /* LoggedInViewController.swift */ = {isa = PBXFileReference; fileEncoding = 4; lastKnownFileType = sourcecode.swift; path = LoggedInViewController.swift; sourceTree = "<group>"; };
		AFB264861DCFCDC5008B0610 /* DetailedEventViewController.swift */ = {isa = PBXFileReference; fileEncoding = 4; lastKnownFileType = sourcecode.swift; path = DetailedEventViewController.swift; sourceTree = "<group>"; };
		AFB264881DE5D8D5008B0610 /* LoggedInProgramView.swift */ = {isa = PBXFileReference; fileEncoding = 4; lastKnownFileType = sourcecode.swift; path = LoggedInProgramView.swift; sourceTree = "<group>"; };
		AFB2648A1DE64A6F008B0610 /* ParticipantEvent.swift */ = {isa = PBXFileReference; fileEncoding = 4; lastKnownFileType = sourcecode.swift; path = ParticipantEvent.swift; sourceTree = "<group>"; };
		AFED7FEC1DAC0ADC0016D1BF /* FileLocationProvider.swift */ = {isa = PBXFileReference; fileEncoding = 4; lastKnownFileType = sourcecode.swift; path = FileLocationProvider.swift; sourceTree = "<group>"; };
		AFED7FEE1DAD553D0016D1BF /* Program.swift */ = {isa = PBXFileReference; fileEncoding = 4; lastKnownFileType = sourcecode.swift; path = Program.swift; sourceTree = "<group>"; };
		AFED7FF01DAD557D0016D1BF /* ProgramState.swift */ = {isa = PBXFileReference; fileEncoding = 4; lastKnownFileType = sourcecode.swift; path = ProgramState.swift; sourceTree = "<group>"; };
		AFED7FF21DAECCCE0016D1BF /* ProgramJsonParser.swift */ = {isa = PBXFileReference; fileEncoding = 4; lastKnownFileType = sourcecode.swift; path = ProgramJsonParser.swift; sourceTree = "<group>"; };
		AFED7FF41DAECD9F0016D1BF /* ProgramDate.swift */ = {isa = PBXFileReference; fileEncoding = 4; lastKnownFileType = sourcecode.swift; path = ProgramDate.swift; sourceTree = "<group>"; };
		AFED7FF61DAF6A7D0016D1BF /* ProgramTimeslot.swift */ = {isa = PBXFileReference; fileEncoding = 4; lastKnownFileType = sourcecode.swift; path = ProgramTimeslot.swift; sourceTree = "<group>"; };
		AFED7FF81DAF6CF50016D1BF /* ProgramEvent.swift */ = {isa = PBXFileReference; fileEncoding = 4; lastKnownFileType = sourcecode.swift; path = ProgramEvent.swift; sourceTree = "<group>"; };
		AFED7FFA1DB018B80016D1BF /* EventType.swift */ = {isa = PBXFileReference; fileEncoding = 4; lastKnownFileType = sourcecode.swift; path = EventType.swift; sourceTree = "<group>"; };
		B6ADB16EF0B7CBBFC48E1127 /* Pods_Fastaval_App.framework */ = {isa = PBXFileReference; explicitFileType = wrapper.framework; includeInIndex = 0; path = Pods_Fastaval_App.framework; sourceTree = BUILT_PRODUCTS_DIR; };
		BFC207661F08024E22878899 /* Pods-Fastaval App.debug.xcconfig */ = {isa = PBXFileReference; includeInIndex = 1; lastKnownFileType = text.xcconfig; name = "Pods-Fastaval App.debug.xcconfig"; path = "Pods/Target Support Files/Pods-Fastaval App/Pods-Fastaval App.debug.xcconfig"; sourceTree = "<group>"; };
/* End PBXFileReference section */

/* Begin PBXFrameworksBuildPhase section */
		AF339C8E1D7C0937006DB877 /* Frameworks */ = {
			isa = PBXFrameworksBuildPhase;
			buildActionMask = 2147483647;
			files = (
				AB690A3D45F36A189575695A /* Pods_Fastaval_App.framework in Frameworks */,
			);
			runOnlyForDeploymentPostprocessing = 0;
		};
		AF339CA41D7C0937006DB877 /* Frameworks */ = {
			isa = PBXFrameworksBuildPhase;
			buildActionMask = 2147483647;
			files = (
			);
			runOnlyForDeploymentPostprocessing = 0;
		};
		AF339CAF1D7C0937006DB877 /* Frameworks */ = {
			isa = PBXFrameworksBuildPhase;
			buildActionMask = 2147483647;
			files = (
			);
			runOnlyForDeploymentPostprocessing = 0;
		};
/* End PBXFrameworksBuildPhase section */

/* Begin PBXGroup section */
		00EE10E84A6EFB5EA165D415 /* Pods */ = {
			isa = PBXGroup;
			children = (
				BFC207661F08024E22878899 /* Pods-Fastaval App.debug.xcconfig */,
				A4BAD04B303C5BB3162FC3D9 /* Pods-Fastaval App.release.xcconfig */,
			);
			name = Pods;
			sourceTree = "<group>";
		};
		AF20995D1DB0F17900F4535F /* Enums */ = {
			isa = PBXGroup;
			children = (
				AFA578D81D83517000163E96 /* AppMessages.swift */,
				AFA578E01D84835C00163E96 /* Tabs.swift */,
				AFA578EB1D85660800163E96 /* WidgetIdentifiers.swift */,
				AF3D44581DA145330078BE03 /* ParticipantState.swift */,
				AF3D445A1DA14AF40078BE03 /* NewsState.swift */,
				AF8312211DA2DD0C002B52DE /* FvMapState.swift */,
				AFED7FF01DAD557D0016D1BF /* ProgramState.swift */,
				AFED7FFA1DB018B80016D1BF /* EventType.swift */,
				AF2099591DB0F13E00F4535F /* RefreshRate.swift */,
				AF20995B1DB0F17000F4535F /* AppLanguage.swift */,
				AF2099601DB2096E00F4535F /* BarcodeState.swift */,
				AF2099621DB209BD00F4535F /* DirectoryItemTypes.swift */,
			);
			name = Enums;
			sourceTree = "<group>";
		};
		AF339C881D7C0937006DB877 = {
			isa = PBXGroup;
			children = (
				AF339C931D7C0937006DB877 /* Fastaval App */,
				AF339CAA1D7C0937006DB877 /* Fastaval AppTests */,
				AF339CB51D7C0937006DB877 /* Fastaval AppUITests */,
				AF339C921D7C0937006DB877 /* Products */,
				00EE10E84A6EFB5EA165D415 /* Pods */,
				BC86F75FAD0EB262352AF922 /* Frameworks */,
			);
			sourceTree = "<group>";
		};
		AF339C921D7C0937006DB877 /* Products */ = {
			isa = PBXGroup;
			children = (
				AF339C911D7C0937006DB877 /* Fastaval App.app */,
				AF339CA71D7C0937006DB877 /* Fastaval AppTests.xctest */,
				AF339CB21D7C0937006DB877 /* Fastaval AppUITests.xctest */,
			);
			name = Products;
			sourceTree = "<group>";
		};
		AF339C931D7C0937006DB877 /* Fastaval App */ = {
			isa = PBXGroup;
			children = (
				AF99D7381DC4908800EEC7F0 /* Assets */,
				AF20995D1DB0F17900F4535F /* Enums */,
				AF339CC61D7C13FC006DB877 /* Framework */,
				AF339CCF1D7DF951006DB877 /* Protocols */,
				AF339CC41D7C0950006DB877 /* Views */,
				AF339CC51D7C13B6006DB877 /* Models */,
				AF339C941D7C0937006DB877 /* AppDelegate.swift */,
				AF339C9A1D7C0937006DB877 /* Main.storyboard */,
				AF339C9D1D7C0937006DB877 /* Assets.xcassets */,
				AF339C9F1D7C0937006DB877 /* LaunchScreen.storyboard */,
				AF339CA21D7C0937006DB877 /* Info.plist */,
			);
			path = "Fastaval App";
			sourceTree = "<group>";
		};
		AF339CAA1D7C0937006DB877 /* Fastaval AppTests */ = {
			isa = PBXGroup;
			children = (
				AF339CAD1D7C0937006DB877 /* Info.plist */,
			);
			path = "Fastaval AppTests";
			sourceTree = "<group>";
		};
		AF339CB51D7C0937006DB877 /* Fastaval AppUITests */ = {
			isa = PBXGroup;
			children = (
				AF339CB61D7C0937006DB877 /* Fastaval_AppUITests.swift */,
				AF339CB81D7C0937006DB877 /* Info.plist */,
			);
			path = "Fastaval AppUITests";
			sourceTree = "<group>";
		};
		AF339CC41D7C0950006DB877 /* Views */ = {
			isa = PBXGroup;
			children = (
				AF339C961D7C0937006DB877 /* HomeViewController.swift */,
				AF339C981D7C0937006DB877 /* BarcodeViewController.swift */,
				AF339CCD1D7DE30D006DB877 /* ContainerPlaceholder.swift */,
				AF339CD61D83496F006DB877 /* LoginViewController.swift */,
				AFA578DE1D8450EF00163E96 /* TabBarController.swift */,
				AF9672FA1DA2C3F1006AD5E1 /* MapViewController.swift */,
				AF67B6501DB7F16D00B136B3 /* ProgramViewController.swift */,
				AF1666B81DB867750078F4F7 /* ProgramTableViewController.swift */,
				AF7256BB1DC1117800F638E5 /* SettingsViewController.swift */,
				AFB264841DCE7A87008B0610 /* LoggedInViewController.swift */,
				AFB264861DCFCDC5008B0610 /* DetailedEventViewController.swift */,
				AFB264881DE5D8D5008B0610 /* LoggedInProgramView.swift */,
			);
			name = Views;
			sourceTree = "<group>";
		};
		AF339CC51D7C13B6006DB877 /* Models */ = {
			isa = PBXGroup;
			children = (
				AFA578F71D8575D700163E96 /* News.swift */,
				AFA578F31D856A1B00163E96 /* Participant.swift */,
				AF83121F1DA2DCCA002B52DE /* FvMap.swift */,
				AFED7FEE1DAD553D0016D1BF /* Program.swift */,
				AFED7FF41DAECD9F0016D1BF /* ProgramDate.swift */,
				AFED7FF61DAF6A7D0016D1BF /* ProgramTimeslot.swift */,
				AFED7FF81DAF6CF50016D1BF /* ProgramEvent.swift */,
				AF31AEFB1E7408AF000D9F4B /* ProgramEventTimeslot.swift */,
				AF2099571DB0CA1F00F4535F /* AppSettings.swift */,
				AF20995E1DB0F59500F4535F /* Barcode.swift */,
				AF2099681DB2A84800F4535F /* RemoteSyncTimestamp.swift */,
				AF20996C1DB36BDF00F4535F /* ParticipantData.swift */,
				AFB2648A1DE64A6F008B0610 /* ParticipantEvent.swift */,
			);
			name = Models;
			sourceTree = "<group>";
		};
		AF339CC61D7C13FC006DB877 /* Framework */ = {
			isa = PBXGroup;
			children = (
				AFA579081D9853CB00163E96 /* InfosysApi.swift */,
				AF339CCB1D7C9700006DB877 /* Broadcaster.swift */,
				AF3D44541DA0EBBF0078BE03 /* Directory.swift */,
				AFED7FEC1DAC0ADC0016D1BF /* FileLocationProvider.swift */,
				AFED7FF21DAECCCE0016D1BF /* ProgramJsonParser.swift */,
				AF20996E1DB36F8100F4535F /* ParticipantJsonParser.swift */,
				AF20996A1DB32A6900F4535F /* UpdateScheduler.swift */,
				AF99D7321DC48C5300EEC7F0 /* String.swift */,
				AF0CF82B1DFB27210003ED4F /* Date.swift */,
				AF0CF82F1DFD88570003ED4F /* EmbeddedViewController.swift */,
				AF31AEF91E735456000D9F4B /* FvMapImage.swift */,
			);
			name = Framework;
			sourceTree = "<group>";
		};
		AF339CCF1D7DF951006DB877 /* Protocols */ = {
			isa = PBXGroup;
			children = (
				AF339CD01D7DF9F2006DB877 /* Subscriber.swift */,
				AF339CD21D7DFA99006DB877 /* Message.swift */,
				AF339CD41D7DFB31006DB877 /* Publisher.swift */,
				AFA578F51D856A4B00163E96 /* Proxy.swift */,
				AFA5790A1D98541500163E96 /* JsonApi.swift */,
				AF3D44561DA144980078BE03 /* Stateful.swift */,
				AF2099551DB0C90F00F4535F /* RemoteDependency.swift */,
				AF2099641DB20A7000F4535F /* DirectoryItem.swift */,
			);
			name = Protocols;
			sourceTree = "<group>";
		};
		AF99D7381DC4908800EEC7F0 /* Assets */ = {
			isa = PBXGroup;
			children = (
				AF99D7391DC490AE00EEC7F0 /* Localizable.strings */,
			);
			name = Assets;
			sourceTree = "<group>";
		};
		BC86F75FAD0EB262352AF922 /* Frameworks */ = {
			isa = PBXGroup;
			children = (
				B6ADB16EF0B7CBBFC48E1127 /* Pods_Fastaval_App.framework */,
				574EE61068AE574ABC4CD1C0 /* Pods_Fastaval_AppTests.framework */,
				44106CA0B7793F6209FE2B9F /* Pods_Fastaval_AppUITests.framework */,
			);
			name = Frameworks;
			sourceTree = "<group>";
		};
/* End PBXGroup section */

/* Begin PBXNativeTarget section */
		AF339C901D7C0937006DB877 /* Fastaval App */ = {
			isa = PBXNativeTarget;
			buildConfigurationList = AF339CBB1D7C0937006DB877 /* Build configuration list for PBXNativeTarget "Fastaval App" */;
			buildPhases = (
				0B909DD57D01C43C6579776B /* [CP] Check Pods Manifest.lock */,
				AF339C8D1D7C0937006DB877 /* Sources */,
				AF339C8E1D7C0937006DB877 /* Frameworks */,
				AF339C8F1D7C0937006DB877 /* Resources */,
				A0A20A19EDF1F53B9378C38C /* [CP] Embed Pods Frameworks */,
				9C59CA7E370722D5BB34129D /* [CP] Copy Pods Resources */,
			);
			buildRules = (
			);
			dependencies = (
			);
			name = "Fastaval App";
			productName = "Fastaval App";
			productReference = AF339C911D7C0937006DB877 /* Fastaval App.app */;
			productType = "com.apple.product-type.application";
		};
		AF339CA61D7C0937006DB877 /* Fastaval AppTests */ = {
			isa = PBXNativeTarget;
			buildConfigurationList = AF339CBE1D7C0937006DB877 /* Build configuration list for PBXNativeTarget "Fastaval AppTests" */;
			buildPhases = (
				AF339CA31D7C0937006DB877 /* Sources */,
				AF339CA41D7C0937006DB877 /* Frameworks */,
				AF339CA51D7C0937006DB877 /* Resources */,
			);
			buildRules = (
			);
			dependencies = (
				AF339CA91D7C0937006DB877 /* PBXTargetDependency */,
			);
			name = "Fastaval AppTests";
			productName = "Fastaval AppTests";
			productReference = AF339CA71D7C0937006DB877 /* Fastaval AppTests.xctest */;
			productType = "com.apple.product-type.bundle.unit-test";
		};
		AF339CB11D7C0937006DB877 /* Fastaval AppUITests */ = {
			isa = PBXNativeTarget;
			buildConfigurationList = AF339CC11D7C0937006DB877 /* Build configuration list for PBXNativeTarget "Fastaval AppUITests" */;
			buildPhases = (
				AF339CAE1D7C0937006DB877 /* Sources */,
				AF339CAF1D7C0937006DB877 /* Frameworks */,
				AF339CB01D7C0937006DB877 /* Resources */,
			);
			buildRules = (
			);
			dependencies = (
				AF339CB41D7C0937006DB877 /* PBXTargetDependency */,
			);
			name = "Fastaval AppUITests";
			productName = "Fastaval AppUITests";
			productReference = AF339CB21D7C0937006DB877 /* Fastaval AppUITests.xctest */;
			productType = "com.apple.product-type.bundle.ui-testing";
		};
/* End PBXNativeTarget section */

/* Begin PBXProject section */
		AF339C891D7C0937006DB877 /* Project object */ = {
			isa = PBXProject;
			attributes = {
				LastSwiftUpdateCheck = 0730;
				LastUpgradeCheck = 0800;
				ORGANIZATIONNAME = Fastaval;
				TargetAttributes = {
					AF339C901D7C0937006DB877 = {
						CreatedOnToolsVersion = 7.3.1;
						DevelopmentTeam = W3AVQ88Q2G;
						LastSwiftMigration = 0800;
						ProvisioningStyle = Manual;
					};
					AF339CA61D7C0937006DB877 = {
						CreatedOnToolsVersion = 7.3.1;
						DevelopmentTeam = W3AVQ88Q2G;
						LastSwiftMigration = 0800;
						TestTargetID = AF339C901D7C0937006DB877;
					};
					AF339CB11D7C0937006DB877 = {
						CreatedOnToolsVersion = 7.3.1;
						DevelopmentTeam = W3AVQ88Q2G;
						LastSwiftMigration = 0800;
						TestTargetID = AF339C901D7C0937006DB877;
					};
				};
			};
			buildConfigurationList = AF339C8C1D7C0937006DB877 /* Build configuration list for PBXProject "Fastaval App" */;
			compatibilityVersion = "Xcode 3.2";
			developmentRegion = English;
			hasScannedForEncodings = 0;
			knownRegions = (
				en,
				Base,
				da,
			);
			mainGroup = AF339C881D7C0937006DB877;
			productRefGroup = AF339C921D7C0937006DB877 /* Products */;
			projectDirPath = "";
			projectRoot = "";
			targets = (
				AF339C901D7C0937006DB877 /* Fastaval App */,
				AF339CA61D7C0937006DB877 /* Fastaval AppTests */,
				AF339CB11D7C0937006DB877 /* Fastaval AppUITests */,
			);
		};
/* End PBXProject section */

/* Begin PBXResourcesBuildPhase section */
		AF339C8F1D7C0937006DB877 /* Resources */ = {
			isa = PBXResourcesBuildPhase;
			buildActionMask = 2147483647;
			files = (
				AF339CA11D7C0937006DB877 /* LaunchScreen.storyboard in Resources */,
				AF99D73B1DC490AE00EEC7F0 /* Localizable.strings in Resources */,
				AF339C9E1D7C0937006DB877 /* Assets.xcassets in Resources */,
				AF339C9C1D7C0937006DB877 /* Main.storyboard in Resources */,
			);
			runOnlyForDeploymentPostprocessing = 0;
		};
		AF339CA51D7C0937006DB877 /* Resources */ = {
			isa = PBXResourcesBuildPhase;
			buildActionMask = 2147483647;
			files = (
			);
			runOnlyForDeploymentPostprocessing = 0;
		};
		AF339CB01D7C0937006DB877 /* Resources */ = {
			isa = PBXResourcesBuildPhase;
			buildActionMask = 2147483647;
			files = (
			);
			runOnlyForDeploymentPostprocessing = 0;
		};
/* End PBXResourcesBuildPhase section */

/* Begin PBXShellScriptBuildPhase section */
		0B909DD57D01C43C6579776B /* [CP] Check Pods Manifest.lock */ = {
			isa = PBXShellScriptBuildPhase;
			buildActionMask = 2147483647;
			files = (
			);
			inputPaths = (
			);
			name = "[CP] Check Pods Manifest.lock";
			outputPaths = (
			);
			runOnlyForDeploymentPostprocessing = 0;
			shellPath = /bin/sh;
			shellScript = "diff \"${PODS_ROOT}/../Podfile.lock\" \"${PODS_ROOT}/Manifest.lock\" > /dev/null\nif [ $? != 0 ] ; then\n    # print error to STDERR\n    echo \"error: The sandbox is not in sync with the Podfile.lock. Run 'pod install' or update your CocoaPods installation.\" >&2\n    exit 1\nfi\n";
			showEnvVarsInLog = 0;
		};
		9C59CA7E370722D5BB34129D /* [CP] Copy Pods Resources */ = {
			isa = PBXShellScriptBuildPhase;
			buildActionMask = 2147483647;
			files = (
			);
			inputPaths = (
			);
			name = "[CP] Copy Pods Resources";
			outputPaths = (
			);
			runOnlyForDeploymentPostprocessing = 0;
			shellPath = /bin/sh;
			shellScript = "\"${SRCROOT}/Pods/Target Support Files/Pods-Fastaval App/Pods-Fastaval App-resources.sh\"\n";
			showEnvVarsInLog = 0;
		};
		A0A20A19EDF1F53B9378C38C /* [CP] Embed Pods Frameworks */ = {
			isa = PBXShellScriptBuildPhase;
			buildActionMask = 2147483647;
			files = (
			);
			inputPaths = (
			);
			name = "[CP] Embed Pods Frameworks";
			outputPaths = (
			);
			runOnlyForDeploymentPostprocessing = 0;
			shellPath = /bin/sh;
			shellScript = "\"${SRCROOT}/Pods/Target Support Files/Pods-Fastaval App/Pods-Fastaval App-frameworks.sh\"\n";
			showEnvVarsInLog = 0;
		};
/* End PBXShellScriptBuildPhase section */

/* Begin PBXSourcesBuildPhase section */
		AF339C8D1D7C0937006DB877 /* Sources */ = {
			isa = PBXSourcesBuildPhase;
			buildActionMask = 2147483647;
			files = (
				AF8312201DA2DCCA002B52DE /* FvMap.swift in Sources */,
				AFED7FED1DAC0ADC0016D1BF /* FileLocationProvider.swift in Sources */,
				AF2099651DB20A7000F4535F /* DirectoryItem.swift in Sources */,
				AFED7FF11DAD557D0016D1BF /* ProgramState.swift in Sources */,
				AF20996B1DB32A6900F4535F /* UpdateScheduler.swift in Sources */,
				AFB264871DCFCDC5008B0610 /* DetailedEventViewController.swift in Sources */,
				AF2099611DB2096F00F4535F /* BarcodeState.swift in Sources */,
				AF0CF8301DFD88570003ED4F /* EmbeddedViewController.swift in Sources */,
				AF339C991D7C0937006DB877 /* BarcodeViewController.swift in Sources */,
				AF3D44571DA144980078BE03 /* Stateful.swift in Sources */,
				AF339C951D7C0937006DB877 /* AppDelegate.swift in Sources */,
				AFED7FEF1DAD553D0016D1BF /* Program.swift in Sources */,
				AFB2648B1DE64A6F008B0610 /* ParticipantEvent.swift in Sources */,
				AFED7FF91DAF6CF50016D1BF /* ProgramEvent.swift in Sources */,
				AFB264891DE5D8D5008B0610 /* LoggedInProgramView.swift in Sources */,
				AF20995F1DB0F59500F4535F /* Barcode.swift in Sources */,
				AF339CD31D7DFA99006DB877 /* Message.swift in Sources */,
				AFA578EC1D85660800163E96 /* WidgetIdentifiers.swift in Sources */,
				AF20996F1DB36F8100F4535F /* ParticipantJsonParser.swift in Sources */,
				AFA578F61D856A4B00163E96 /* Proxy.swift in Sources */,
				AF9672FB1DA2C3F1006AD5E1 /* MapViewController.swift in Sources */,
				AF339CD51D7DFB31006DB877 /* Publisher.swift in Sources */,
				AF99D7331DC48C5300EEC7F0 /* String.swift in Sources */,
				AFA578F41D856A1B00163E96 /* Participant.swift in Sources */,
				AFA579091D9853CB00163E96 /* InfosysApi.swift in Sources */,
				AFB264851DCE7A87008B0610 /* LoggedInViewController.swift in Sources */,
				AF3D445B1DA14AF40078BE03 /* NewsState.swift in Sources */,
				AF339C971D7C0937006DB877 /* HomeViewController.swift in Sources */,
				AF20996D1DB36BDF00F4535F /* ParticipantData.swift in Sources */,
				AF7256BC1DC1117800F638E5 /* SettingsViewController.swift in Sources */,
				AF2099691DB2A84800F4535F /* RemoteSyncTimestamp.swift in Sources */,
				AFA5790B1D98541500163E96 /* JsonApi.swift in Sources */,
				AF31AEFA1E735456000D9F4B /* FvMapImage.swift in Sources */,
				AF2099631DB209BD00F4535F /* DirectoryItemTypes.swift in Sources */,
				AFA578E11D84835C00163E96 /* Tabs.swift in Sources */,
				AFED7FF51DAECD9F0016D1BF /* ProgramDate.swift in Sources */,
				AF8312221DA2DD0C002B52DE /* FvMapState.swift in Sources */,
				AFED7FF31DAECCCE0016D1BF /* ProgramJsonParser.swift in Sources */,
				AF339CCC1D7C9700006DB877 /* Broadcaster.swift in Sources */,
				AF20995A1DB0F13E00F4535F /* RefreshRate.swift in Sources */,
				AF31AEFC1E7408AF000D9F4B /* ProgramEventTimeslot.swift in Sources */,
				AF2099581DB0CA1F00F4535F /* AppSettings.swift in Sources */,
				AF339CCE1D7DE30D006DB877 /* ContainerPlaceholder.swift in Sources */,
				AF0CF82C1DFB27210003ED4F /* Date.swift in Sources */,
				AFED7FF71DAF6A7D0016D1BF /* ProgramTimeslot.swift in Sources */,
				AFED7FFB1DB018B80016D1BF /* EventType.swift in Sources */,
				AF1666B91DB867750078F4F7 /* ProgramTableViewController.swift in Sources */,
				AFA578D91D83517000163E96 /* AppMessages.swift in Sources */,
				AFA578DF1D8450EF00163E96 /* TabBarController.swift in Sources */,
				AF2099561DB0C90F00F4535F /* RemoteDependency.swift in Sources */,
				AF67B6511DB7F16D00B136B3 /* ProgramViewController.swift in Sources */,
				AFA578F81D8575D700163E96 /* News.swift in Sources */,
				AF339CD11D7DF9F2006DB877 /* Subscriber.swift in Sources */,
				AF339CD71D83496F006DB877 /* LoginViewController.swift in Sources */,
				AF3D44551DA0EBBF0078BE03 /* Directory.swift in Sources */,
				AF20995C1DB0F17000F4535F /* AppLanguage.swift in Sources */,
				AF3D44591DA145330078BE03 /* ParticipantState.swift in Sources */,
			);
			runOnlyForDeploymentPostprocessing = 0;
		};
		AF339CA31D7C0937006DB877 /* Sources */ = {
			isa = PBXSourcesBuildPhase;
			buildActionMask = 2147483647;
			files = (
			);
			runOnlyForDeploymentPostprocessing = 0;
		};
		AF339CAE1D7C0937006DB877 /* Sources */ = {
			isa = PBXSourcesBuildPhase;
			buildActionMask = 2147483647;
			files = (
				AF339CB71D7C0937006DB877 /* Fastaval_AppUITests.swift in Sources */,
			);
			runOnlyForDeploymentPostprocessing = 0;
		};
/* End PBXSourcesBuildPhase section */

/* Begin PBXTargetDependency section */
		AF339CA91D7C0937006DB877 /* PBXTargetDependency */ = {
			isa = PBXTargetDependency;
			target = AF339C901D7C0937006DB877 /* Fastaval App */;
			targetProxy = AF339CA81D7C0937006DB877 /* PBXContainerItemProxy */;
		};
		AF339CB41D7C0937006DB877 /* PBXTargetDependency */ = {
			isa = PBXTargetDependency;
			target = AF339C901D7C0937006DB877 /* Fastaval App */;
			targetProxy = AF339CB31D7C0937006DB877 /* PBXContainerItemProxy */;
		};
/* End PBXTargetDependency section */

/* Begin PBXVariantGroup section */
		AF339C9A1D7C0937006DB877 /* Main.storyboard */ = {
			isa = PBXVariantGroup;
			children = (
				AF339C9B1D7C0937006DB877 /* Base */,
			);
			name = Main.storyboard;
			sourceTree = "<group>";
		};
		AF339C9F1D7C0937006DB877 /* LaunchScreen.storyboard */ = {
			isa = PBXVariantGroup;
			children = (
				AF339CA01D7C0937006DB877 /* Base */,
				AF99D7351DC48F3500EEC7F0 /* da */,
			);
			name = LaunchScreen.storyboard;
			sourceTree = "<group>";
		};
		AF99D7391DC490AE00EEC7F0 /* Localizable.strings */ = {
			isa = PBXVariantGroup;
			children = (
				AF99D73A1DC490AE00EEC7F0 /* da */,
			);
			name = Localizable.strings;
			sourceTree = "<group>";
		};
/* End PBXVariantGroup section */

/* Begin XCBuildConfiguration section */
		AF339CB91D7C0937006DB877 /* Debug */ = {
			isa = XCBuildConfiguration;
			buildSettings = {
				ALWAYS_EMBED_SWIFT_STANDARD_LIBRARIES = YES;
				ALWAYS_SEARCH_USER_PATHS = NO;
				CLANG_ANALYZER_LOCALIZABILITY_NONLOCALIZED = YES;
				CLANG_ANALYZER_NONNULL = YES;
				CLANG_CXX_LANGUAGE_STANDARD = "gnu++0x";
				CLANG_CXX_LIBRARY = "libc++";
				CLANG_ENABLE_MODULES = YES;
				CLANG_ENABLE_OBJC_ARC = YES;
				CLANG_WARN_BOOL_CONVERSION = YES;
				CLANG_WARN_CONSTANT_CONVERSION = YES;
				CLANG_WARN_DIRECT_OBJC_ISA_USAGE = YES_ERROR;
				CLANG_WARN_EMPTY_BODY = YES;
				CLANG_WARN_ENUM_CONVERSION = YES;
				CLANG_WARN_INFINITE_RECURSION = YES;
				CLANG_WARN_INT_CONVERSION = YES;
				CLANG_WARN_OBJC_ROOT_CLASS = YES_ERROR;
				CLANG_WARN_SUSPICIOUS_MOVE = YES;
				CLANG_WARN_UNREACHABLE_CODE = YES;
				CLANG_WARN__DUPLICATE_METHOD_MATCH = YES;
				"CODE_SIGN_IDENTITY[sdk=iphoneos*]" = "iPhone Developer";
				COPY_PHASE_STRIP = NO;
				DEBUG_INFORMATION_FORMAT = dwarf;
				DEVELOPMENT_TEAM = W3AVQ88Q2G;
				ENABLE_STRICT_OBJC_MSGSEND = YES;
				ENABLE_TESTABILITY = YES;
				GCC_C_LANGUAGE_STANDARD = gnu99;
				GCC_DYNAMIC_NO_PIC = NO;
				GCC_NO_COMMON_BLOCKS = YES;
				GCC_OPTIMIZATION_LEVEL = 0;
				GCC_PREPROCESSOR_DEFINITIONS = (
					"DEBUG=1",
					"$(inherited)",
				);
				GCC_WARN_64_TO_32_BIT_CONVERSION = YES;
				GCC_WARN_ABOUT_RETURN_TYPE = YES_ERROR;
				GCC_WARN_UNDECLARED_SELECTOR = YES;
				GCC_WARN_UNINITIALIZED_AUTOS = YES_AGGRESSIVE;
				GCC_WARN_UNUSED_FUNCTION = YES;
				GCC_WARN_UNUSED_VARIABLE = YES;
				IPHONEOS_DEPLOYMENT_TARGET = 9.3;
				MTL_ENABLE_DEBUG_INFO = YES;
				ONLY_ACTIVE_ARCH = YES;
				"PROVISIONING_PROFILE_SPECIFIER[sdk=*]" = "";
				SDKROOT = iphoneos;
				SWIFT_OPTIMIZATION_LEVEL = "-Onone";
				TARGETED_DEVICE_FAMILY = "1,2";
			};
			name = Debug;
		};
		AF339CBA1D7C0937006DB877 /* Release */ = {
			isa = XCBuildConfiguration;
			buildSettings = {
				ALWAYS_EMBED_SWIFT_STANDARD_LIBRARIES = YES;
				ALWAYS_SEARCH_USER_PATHS = NO;
				CLANG_ANALYZER_LOCALIZABILITY_NONLOCALIZED = YES;
				CLANG_ANALYZER_NONNULL = YES;
				CLANG_CXX_LANGUAGE_STANDARD = "gnu++0x";
				CLANG_CXX_LIBRARY = "libc++";
				CLANG_ENABLE_MODULES = YES;
				CLANG_ENABLE_OBJC_ARC = YES;
				CLANG_WARN_BOOL_CONVERSION = YES;
				CLANG_WARN_CONSTANT_CONVERSION = YES;
				CLANG_WARN_DIRECT_OBJC_ISA_USAGE = YES_ERROR;
				CLANG_WARN_EMPTY_BODY = YES;
				CLANG_WARN_ENUM_CONVERSION = YES;
				CLANG_WARN_INFINITE_RECURSION = YES;
				CLANG_WARN_INT_CONVERSION = YES;
				CLANG_WARN_OBJC_ROOT_CLASS = YES_ERROR;
				CLANG_WARN_SUSPICIOUS_MOVE = YES;
				CLANG_WARN_UNREACHABLE_CODE = YES;
				CLANG_WARN__DUPLICATE_METHOD_MATCH = YES;
				"CODE_SIGN_IDENTITY[sdk=iphoneos*]" = "iPhone Developer";
				COPY_PHASE_STRIP = NO;
				DEBUG_INFORMATION_FORMAT = "dwarf-with-dsym";
				DEVELOPMENT_TEAM = W3AVQ88Q2G;
				ENABLE_NS_ASSERTIONS = NO;
				ENABLE_STRICT_OBJC_MSGSEND = YES;
				GCC_C_LANGUAGE_STANDARD = gnu99;
				GCC_NO_COMMON_BLOCKS = YES;
				GCC_WARN_64_TO_32_BIT_CONVERSION = YES;
				GCC_WARN_ABOUT_RETURN_TYPE = YES_ERROR;
				GCC_WARN_UNDECLARED_SELECTOR = YES;
				GCC_WARN_UNINITIALIZED_AUTOS = YES_AGGRESSIVE;
				GCC_WARN_UNUSED_FUNCTION = YES;
				GCC_WARN_UNUSED_VARIABLE = YES;
				IPHONEOS_DEPLOYMENT_TARGET = 9.3;
				MTL_ENABLE_DEBUG_INFO = NO;
				SDKROOT = iphoneos;
				SWIFT_OPTIMIZATION_LEVEL = "-Owholemodule";
				TARGETED_DEVICE_FAMILY = "1,2";
				VALIDATE_PRODUCT = YES;
			};
			name = Release;
		};
		AF339CBC1D7C0937006DB877 /* Debug */ = {
			isa = XCBuildConfiguration;
			baseConfigurationReference = BFC207661F08024E22878899 /* Pods-Fastaval App.debug.xcconfig */;
			buildSettings = {
				ALWAYS_EMBED_SWIFT_STANDARD_LIBRARIES = YES;
				ASSETCATALOG_COMPILER_APPICON_NAME = AppIcon;
				ASSETCATALOG_COMPILER_LAUNCHIMAGE_NAME = LaunchImage;
				DEVELOPMENT_TEAM = W3AVQ88Q2G;
				INFOPLIST_FILE = "Fastaval App/Info.plist";
				LD_RUNPATH_SEARCH_PATHS = "$(inherited) @executable_path/Frameworks";
				PRODUCT_BUNDLE_IDENTIFIER = dk.fastaval.fastainfo;
				PRODUCT_NAME = "$(TARGET_NAME)";
				PROVISIONING_PROFILE = "ace3ccc4-05ae-43f7-9428-63e17871a754";
				PROVISIONING_PROFILE_SPECIFIER = FastaInfoDevelopment;
				SWIFT_VERSION = 3.0;
			};
			name = Debug;
		};
		AF339CBD1D7C0937006DB877 /* Release */ = {
			isa = XCBuildConfiguration;
			baseConfigurationReference = A4BAD04B303C5BB3162FC3D9 /* Pods-Fastaval App.release.xcconfig */;
			buildSettings = {
				ALWAYS_EMBED_SWIFT_STANDARD_LIBRARIES = YES;
				ASSETCATALOG_COMPILER_APPICON_NAME = AppIcon;
				ASSETCATALOG_COMPILER_LAUNCHIMAGE_NAME = LaunchImage;
				"CODE_SIGN_IDENTITY[sdk=iphoneos*]" = "iPhone Distribution";
				DEVELOPMENT_TEAM = W3AVQ88Q2G;
				INFOPLIST_FILE = "Fastaval App/Info.plist";
				LD_RUNPATH_SEARCH_PATHS = "$(inherited) @executable_path/Frameworks";
				PRODUCT_BUNDLE_IDENTIFIER = dk.fastaval.fastainfo;
				PRODUCT_NAME = "$(TARGET_NAME)";
				PROVISIONING_PROFILE = "e545b2f0-faf9-489c-ba60-b6fc5f9ebe20";
				PROVISIONING_PROFILE_SPECIFIER = FastaInfoDistribution;
				SWIFT_VERSION = 3.0;
			};
			name = Release;
		};
		AF339CBF1D7C0937006DB877 /* Debug */ = {
			isa = XCBuildConfiguration;
			buildSettings = {
				BUNDLE_LOADER = "$(TEST_HOST)";
				INFOPLIST_FILE = "Fastaval AppTests/Info.plist";
				LD_RUNPATH_SEARCH_PATHS = "$(inherited) @executable_path/Frameworks @loader_path/Frameworks";
				PRODUCT_BUNDLE_IDENTIFIER = "fastaval.Fastaval-AppTests";
				PRODUCT_NAME = "$(TARGET_NAME)";
				SWIFT_VERSION = 3.0;
				TEST_HOST = "$(BUILT_PRODUCTS_DIR)/Fastaval App.app/Fastaval App";
			};
			name = Debug;
		};
		AF339CC01D7C0937006DB877 /* Release */ = {
			isa = XCBuildConfiguration;
			buildSettings = {
				BUNDLE_LOADER = "$(TEST_HOST)";
				INFOPLIST_FILE = "Fastaval AppTests/Info.plist";
				LD_RUNPATH_SEARCH_PATHS = "$(inherited) @executable_path/Frameworks @loader_path/Frameworks";
				PRODUCT_BUNDLE_IDENTIFIER = "fastaval.Fastaval-AppTests";
				PRODUCT_NAME = "$(TARGET_NAME)";
				SWIFT_VERSION = 3.0;
				TEST_HOST = "$(BUILT_PRODUCTS_DIR)/Fastaval App.app/Fastaval App";
			};
			name = Release;
		};
		AF339CC21D7C0937006DB877 /* Debug */ = {
			isa = XCBuildConfiguration;
			buildSettings = {
				INFOPLIST_FILE = "Fastaval AppUITests/Info.plist";
				LD_RUNPATH_SEARCH_PATHS = "$(inherited) @executable_path/Frameworks @loader_path/Frameworks";
				PRODUCT_BUNDLE_IDENTIFIER = "fastaval.Fastaval-AppUITests";
				PRODUCT_NAME = "$(TARGET_NAME)";
				SWIFT_VERSION = 3.0;
				TEST_TARGET_NAME = "Fastaval App";
			};
			name = Debug;
		};
		AF339CC31D7C0937006DB877 /* Release */ = {
			isa = XCBuildConfiguration;
			buildSettings = {
				INFOPLIST_FILE = "Fastaval AppUITests/Info.plist";
				LD_RUNPATH_SEARCH_PATHS = "$(inherited) @executable_path/Frameworks @loader_path/Frameworks";
				PRODUCT_BUNDLE_IDENTIFIER = "fastaval.Fastaval-AppUITests";
				PRODUCT_NAME = "$(TARGET_NAME)";
				SWIFT_VERSION = 3.0;
				TEST_TARGET_NAME = "Fastaval App";
			};
			name = Release;
		};
/* End XCBuildConfiguration section */

/* Begin XCConfigurationList section */
		AF339C8C1D7C0937006DB877 /* Build configuration list for PBXProject "Fastaval App" */ = {
			isa = XCConfigurationList;
			buildConfigurations = (
				AF339CB91D7C0937006DB877 /* Debug */,
				AF339CBA1D7C0937006DB877 /* Release */,
			);
			defaultConfigurationIsVisible = 0;
			defaultConfigurationName = Release;
		};
		AF339CBB1D7C0937006DB877 /* Build configuration list for PBXNativeTarget "Fastaval App" */ = {
			isa = XCConfigurationList;
			buildConfigurations = (
				AF339CBC1D7C0937006DB877 /* Debug */,
				AF339CBD1D7C0937006DB877 /* Release */,
			);
			defaultConfigurationIsVisible = 0;
			defaultConfigurationName = Release;
		};
		AF339CBE1D7C0937006DB877 /* Build configuration list for PBXNativeTarget "Fastaval AppTests" */ = {
			isa = XCConfigurationList;
			buildConfigurations = (
				AF339CBF1D7C0937006DB877 /* Debug */,
				AF339CC01D7C0937006DB877 /* Release */,
			);
			defaultConfigurationIsVisible = 0;
			defaultConfigurationName = Release;
		};
		AF339CC11D7C0937006DB877 /* Build configuration list for PBXNativeTarget "Fastaval AppUITests" */ = {
			isa = XCConfigurationList;
			buildConfigurations = (
				AF339CC21D7C0937006DB877 /* Debug */,
				AF339CC31D7C0937006DB877 /* Release */,
			);
			defaultConfigurationIsVisible = 0;
			defaultConfigurationName = Release;
		};
/* End XCConfigurationList section */
	};
	rootObject = AF339C891D7C0937006DB877 /* Project object */;
}
