PODS:
  - Eureka (2.0.0-beta.1)
  - Just (0.5.4)
  - Realm (2.0.2):
    - Realm/Headers (= 2.0.2)
  - Realm/Headers (2.0.2)
  - RealmSwift (2.0.2):
    - Realm (= 2.0.2)
  - SwiftyJSON (3.1.1)

DEPENDENCIES:
  - Eureka (~> 2.0.0-beta.1)
  - Just
  - RealmSwift
  - SwiftyJSON

SPEC CHECKSUMS:
  Eureka: d014adf16406745e1a78d5790ea37ed130a0a8e5
  Just: 82af0c5107d787b1d7fdc519d18b2472e070851a
  Realm: 0f5a194af0b7e6158b83db41b4ee1a00be7ddf1a
  RealmSwift: 0eb5070d851cba7c66e841ca756d83609dc78bc8
  SwiftyJSON: f0be2e604f83e8405a624e9f891898bf6ed4e019

PODFILE CHECKSUM: 93de609f1b012aa39ec60104f820ca043904d1db

COCOAPODS: 1.1.0.rc.2
